// !$*UTF8*$!
{
	archiveVersion = 1;
	classes = {
	};
	objectVersion = 50;
	objects = {

/* Begin PBXBuildFile section */
		2AA6E96223671AF300D65883 /* AppDelegate.swift in Sources */ = {isa = PBXBuildFile; fileRef = 2AA6E96123671AF300D65883 /* AppDelegate.swift */; };
		2AA6E96623671AF300D65883 /* ViewController.swift in Sources */ = {isa = PBXBuildFile; fileRef = 2AA6E96523671AF300D65883 /* ViewController.swift */; };
		2AA6E96923671AF300D65883 /* Main.storyboard in Resources */ = {isa = PBXBuildFile; fileRef = 2AA6E96723671AF300D65883 /* Main.storyboard */; };
		2AA6E96B23671AF600D65883 /* Assets.xcassets in Resources */ = {isa = PBXBuildFile; fileRef = 2AA6E96A23671AF600D65883 /* Assets.xcassets */; };
		2AA6E96E23671AF600D65883 /* LaunchScreen.storyboard in Resources */ = {isa = PBXBuildFile; fileRef = 2AA6E96C23671AF600D65883 /* LaunchScreen.storyboard */; };
		2AA6E97823671B1700D65883 /* AdvSliderAssets.xcassets in Resources */ = {isa = PBXBuildFile; fileRef = 2AA6E97623671B1700D65883 /* AdvSliderAssets.xcassets */; };
		2AA6E97923671B1700D65883 /* AdvertisingSlider.swift in Sources */ = {isa = PBXBuildFile; fileRef = 2AA6E97723671B1700D65883 /* AdvertisingSlider.swift */; };
		2AA6E99923671E9D00D65883 /* 2.jpg in Resources */ = {isa = PBXBuildFile; fileRef = 2AA6E99323671E9D00D65883 /* 2.jpg */; };
		2AA6E99A23671E9D00D65883 /* 5.jpg in Resources */ = {isa = PBXBuildFile; fileRef = 2AA6E99423671E9D00D65883 /* 5.jpg */; };
		2AA6E99B23671E9D00D65883 /* 4.jpg in Resources */ = {isa = PBXBuildFile; fileRef = 2AA6E99523671E9D00D65883 /* 4.jpg */; };
		2AA6E99C23671E9D00D65883 /* 0.jpg in Resources */ = {isa = PBXBuildFile; fileRef = 2AA6E99623671E9D00D65883 /* 0.jpg */; };
		2AA6E99D23671E9D00D65883 /* 3.jpg in Resources */ = {isa = PBXBuildFile; fileRef = 2AA6E99723671E9D00D65883 /* 3.jpg */; };
		2AA6E99E23671E9D00D65883 /* 1.jpg in Resources */ = {isa = PBXBuildFile; fileRef = 2AA6E99823671E9D00D65883 /* 1.jpg */; };
/* End PBXBuildFile section */

/* Begin PBXFileReference section */
		2AA6E95E23671AF300D65883 /* AdvertisingSlider.app */ = {isa = PBXFileReference; explicitFileType = wrapper.application; includeInIndex = 0; path = AdvertisingSlider.app; sourceTree = BUILT_PRODUCTS_DIR; };
		2AA6E96123671AF300D65883 /* AppDelegate.swift */ = {isa = PBXFileReference; lastKnownFileType = sourcecode.swift; path = AppDelegate.swift; sourceTree = "<group>"; };
		2AA6E96523671AF300D65883 /* ViewController.swift */ = {isa = PBXFileReference; lastKnownFileType = sourcecode.swift; path = ViewController.swift; sourceTree = "<group>"; };
		2AA6E96823671AF300D65883 /* Base */ = {isa = PBXFileReference; lastKnownFileType = file.storyboard; name = Base; path = Base.lproj/Main.storyboard; sourceTree = "<group>"; };
		2AA6E96A23671AF600D65883 /* Assets.xcassets */ = {isa = PBXFileReference; lastKnownFileType = folder.assetcatalog; path = Assets.xcassets; sourceTree = "<group>"; };
		2AA6E96D23671AF600D65883 /* Base */ = {isa = PBXFileReference; lastKnownFileType = file.storyboard; name = Base; path = Base.lproj/LaunchScreen.storyboard; sourceTree = "<group>"; };
		2AA6E96F23671AF600D65883 /* Info.plist */ = {isa = PBXFileReference; lastKnownFileType = text.plist.xml; path = Info.plist; sourceTree = "<group>"; };
		2AA6E97623671B1700D65883 /* AdvSliderAssets.xcassets */ = {isa = PBXFileReference; lastKnownFileType = folder.assetcatalog; path = AdvSliderAssets.xcassets; sourceTree = "<group>"; };
		2AA6E97723671B1700D65883 /* AdvertisingSlider.swift */ = {isa = PBXFileReference; fileEncoding = 4; lastKnownFileType = sourcecode.swift; path = AdvertisingSlider.swift; sourceTree = "<group>"; };
		2AA6E99323671E9D00D65883 /* 2.jpg */ = {isa = PBXFileReference; lastKnownFileType = image.jpeg; path = 2.jpg; sourceTree = "<group>"; };
		2AA6E99423671E9D00D65883 /* 5.jpg */ = {isa = PBXFileReference; lastKnownFileType = image.jpeg; path = 5.jpg; sourceTree = "<group>"; };
		2AA6E99523671E9D00D65883 /* 4.jpg */ = {isa = PBXFileReference; lastKnownFileType = image.jpeg; path = 4.jpg; sourceTree = "<group>"; };
		2AA6E99623671E9D00D65883 /* 0.jpg */ = {isa = PBXFileReference; lastKnownFileType = image.jpeg; path = 0.jpg; sourceTree = "<group>"; };
		2AA6E99723671E9D00D65883 /* 3.jpg */ = {isa = PBXFileReference; lastKnownFileType = image.jpeg; path = 3.jpg; sourceTree = "<group>"; };
		2AA6E99823671E9D00D65883 /* 1.jpg */ = {isa = PBXFileReference; lastKnownFileType = image.jpeg; path = 1.jpg; sourceTree = "<group>"; };
/* End PBXFileReference section */

/* Begin PBXFrameworksBuildPhase section */
		2AA6E95B23671AF300D65883 /* Frameworks */ = {
			isa = PBXFrameworksBuildPhase;
			buildActionMask = 2147483647;
			files = (
			);
			runOnlyForDeploymentPostprocessing = 0;
		};
/* End PBXFrameworksBuildPhase section */

/* Begin PBXGroup section */
		2AA6E95523671AF300D65883 = {
			isa = PBXGroup;
			children = (
				2AA6E96023671AF300D65883 /* AdvertisingSlider */,
				2AA6E95F23671AF300D65883 /* Products */,
			);
			sourceTree = "<group>";
		};
		2AA6E95F23671AF300D65883 /* Products */ = {
			isa = PBXGroup;
			children = (
				2AA6E95E23671AF300D65883 /* AdvertisingSlider.app */,
			);
			name = Products;
			sourceTree = "<group>";
		};
		2AA6E96023671AF300D65883 /* AdvertisingSlider */ = {
			isa = PBXGroup;
			children = (
				2AA6E99223671D2A00D65883 /* Images */,
				2AA6E97523671B1700D65883 /* AdvertisingSlider */,
				2AA6E96123671AF300D65883 /* AppDelegate.swift */,
				2AA6E96523671AF300D65883 /* ViewController.swift */,
				2AA6E96723671AF300D65883 /* Main.storyboard */,
				2AA6E96A23671AF600D65883 /* Assets.xcassets */,
				2AA6E96C23671AF600D65883 /* LaunchScreen.storyboard */,
				2AA6E96F23671AF600D65883 /* Info.plist */,
			);
			path = AdvertisingSlider;
			sourceTree = "<group>";
		};
		2AA6E97523671B1700D65883 /* AdvertisingSlider */ = {
			isa = PBXGroup;
			children = (
				2AA6E97623671B1700D65883 /* AdvSliderAssets.xcassets */,
				2AA6E97723671B1700D65883 /* AdvertisingSlider.swift */,
			);
			path = AdvertisingSlider;
			sourceTree = "<group>";
		};
		2AA6E99223671D2A00D65883 /* Images */ = {
			isa = PBXGroup;
			children = (
				2AA6E99823671E9D00D65883 /* 1.jpg */,
				2AA6E99323671E9D00D65883 /* 2.jpg */,
				2AA6E99723671E9D00D65883 /* 3.jpg */,
				2AA6E99523671E9D00D65883 /* 4.jpg */,
				2AA6E99423671E9D00D65883 /* 5.jpg */,
				2AA6E99623671E9D00D65883 /* 0.jpg */,
			);
			path = Images;
			sourceTree = "<group>";
		};
/* End PBXGroup section */

/* Begin PBXNativeTarget section */
		2AA6E95D23671AF300D65883 /* AdvertisingSlider */ = {
			isa = PBXNativeTarget;
			buildConfigurationList = 2AA6E97223671AF600D65883 /* Build configuration list for PBXNativeTarget "AdvertisingSlider" */;
			buildPhases = (
				2AA6E95A23671AF300D65883 /* Sources */,
				2AA6E95B23671AF300D65883 /* Frameworks */,
				2AA6E95C23671AF300D65883 /* Resources */,
			);
			buildRules = (
			);
			dependencies = (
			);
			name = AdvertisingSlider;
			productName = AdvertisingSlider;
			productReference = 2AA6E95E23671AF300D65883 /* AdvertisingSlider.app */;
			productType = "com.apple.product-type.application";
		};
/* End PBXNativeTarget section */

/* Begin PBXProject section */
		2AA6E95623671AF300D65883 /* Project object */ = {
			isa = PBXProject;
			attributes = {
				LastSwiftUpdateCheck = 1100;
				LastUpgradeCheck = 1100;
				ORGANIZATIONNAME = "Виталий Сероштанов";
				TargetAttributes = {
					2AA6E95D23671AF300D65883 = {
						CreatedOnToolsVersion = 11.0;
					};
				};
			};
			buildConfigurationList = 2AA6E95923671AF300D65883 /* Build configuration list for PBXProject "AdvertisingSlider" */;
			compatibilityVersion = "Xcode 9.3";
			developmentRegion = en;
			hasScannedForEncodings = 0;
			knownRegions = (
				en,
				Base,
			);
			mainGroup = 2AA6E95523671AF300D65883;
			productRefGroup = 2AA6E95F23671AF300D65883 /* Products */;
			projectDirPath = "";
			projectRoot = "";
			targets = (
				2AA6E95D23671AF300D65883 /* AdvertisingSlider */,
			);
		};
/* End PBXProject section */

/* Begin PBXResourcesBuildPhase section */
		2AA6E95C23671AF300D65883 /* Resources */ = {
			isa = PBXResourcesBuildPhase;
			buildActionMask = 2147483647;
			files = (
				2AA6E99D23671E9D00D65883 /* 3.jpg in Resources */,
				2AA6E96E23671AF600D65883 /* LaunchScreen.storyboard in Resources */,
				2AA6E99B23671E9D00D65883 /* 4.jpg in Resources */,
				2AA6E99C23671E9D00D65883 /* 0.jpg in Resources */,
				2AA6E97823671B1700D65883 /* AdvSliderAssets.xcassets in Resources */,
				2AA6E99923671E9D00D65883 /* 2.jpg in Resources */,
				2AA6E99A23671E9D00D65883 /* 5.jpg in Resources */,
				2AA6E96B23671AF600D65883 /* Assets.xcassets in Resources */,
				2AA6E96923671AF300D65883 /* Main.storyboard in Resources */,
				2AA6E99E23671E9D00D65883 /* 1.jpg in Resources */,
			);
			runOnlyForDeploymentPostprocessing = 0;
		};
/* End PBXResourcesBuildPhase section */

/* Begin PBXSourcesBuildPhase section */
		2AA6E95A23671AF300D65883 /* Sources */ = {
			isa = PBXSourcesBuildPhase;
			buildActionMask = 2147483647;
			files = (
				2AA6E96623671AF300D65883 /* ViewController.swift in Sources */,
				2AA6E97923671B1700D65883 /* AdvertisingSlider.swift in Sources */,
				2AA6E96223671AF300D65883 /* AppDelegate.swift in Sources */,
			);
			runOnlyForDeploymentPostprocessing = 0;
		};
/* End PBXSourcesBuildPhase section */

/* Begin PBXVariantGroup section */
		2AA6E96723671AF300D65883 /* Main.storyboard */ = {
			isa = PBXVariantGroup;
			children = (
				2AA6E96823671AF300D65883 /* Base */,
			);
			name = Main.storyboard;
			sourceTree = "<group>";
		};
		2AA6E96C23671AF600D65883 /* LaunchScreen.storyboard */ = {
			isa = PBXVariantGroup;
			children = (
				2AA6E96D23671AF600D65883 /* Base */,
			);
			name = LaunchScreen.storyboard;
			sourceTree = "<group>";
		};
/* End PBXVariantGroup section */

/* Begin XCBuildConfiguration section */
		2AA6E97023671AF600D65883 /* Debug */ = {
			isa = XCBuildConfiguration;
			buildSettings = {
				ALWAYS_SEARCH_USER_PATHS = NO;
				CLANG_ANALYZER_NONNULL = YES;
				CLANG_ANALYZER_NUMBER_OBJECT_CONVERSION = YES_AGGRESSIVE;
				CLANG_CXX_LANGUAGE_STANDARD = "gnu++14";
				CLANG_CXX_LIBRARY = "libc++";
				CLANG_ENABLE_MODULES = YES;
				CLANG_ENABLE_OBJC_ARC = YES;
				CLANG_ENABLE_OBJC_WEAK = YES;
				CLANG_WARN_BLOCK_CAPTURE_AUTORELEASING = YES;
				CLANG_WARN_BOOL_CONVERSION = YES;
				CLANG_WARN_COMMA = YES;
				CLANG_WARN_CONSTANT_CONVERSION = YES;
				CLANG_WARN_DEPRECATED_OBJC_IMPLEMENTATIONS = YES;
				CLANG_WARN_DIRECT_OBJC_ISA_USAGE = YES_ERROR;
				CLANG_WARN_DOCUMENTATION_COMMENTS = YES;
				CLANG_WARN_EMPTY_BODY = YES;
				CLANG_WARN_ENUM_CONVERSION = YES;
				CLANG_WARN_INFINITE_RECURSION = YES;
				CLANG_WARN_INT_CONVERSION = YES;
				CLANG_WARN_NON_LITERAL_NULL_CONVERSION = YES;
				CLANG_WARN_OBJC_IMPLICIT_RETAIN_SELF = YES;
				CLANG_WARN_OBJC_LITERAL_CONVERSION = YES;
				CLANG_WARN_OBJC_ROOT_CLASS = YES_ERROR;
				CLANG_WARN_RANGE_LOOP_ANALYSIS = YES;
				CLANG_WARN_STRICT_PROTOTYPES = YES;
				CLANG_WARN_SUSPICIOUS_MOVE = YES;
				CLANG_WARN_UNGUARDED_AVAILABILITY = YES_AGGRESSIVE;
				CLANG_WARN_UNREACHABLE_CODE = YES;
				CLANG_WARN__DUPLICATE_METHOD_MATCH = YES;
				COPY_PHASE_STRIP = NO;
				DEBUG_INFORMATION_FORMAT = dwarf;
				ENABLE_STRICT_OBJC_MSGSEND = YES;
				ENABLE_TESTABILITY = YES;
				GCC_C_LANGUAGE_STANDARD = gnu11;
				GCC_DYNAMIC_NO_PIC = NO;
				GCC_NO_COMMON_BLOCKS = YES;
				GCC_OPTIMIZATION_LEVEL = 0;
				GCC_PREPROCESSOR_DEFINITIONS = (
					"DEBUG=1",
					"$(inherited)",
				);
				GCC_WARN_64_TO_32_BIT_CONVERSION = YES;
				GCC_WARN_ABOUT_RETURN_TYPE = YES_ERROR;
				GCC_WARN_UNDECLARED_SELECTOR = YES;
				GCC_WARN_UNINITIALIZED_AUTOS = YES_AGGRESSIVE;
				GCC_WARN_UNUSED_FUNCTION = YES;
				GCC_WARN_UNUSED_VARIABLE = YES;
				IPHONEOS_DEPLOYMENT_TARGET = 10.3;
				MTL_ENABLE_DEBUG_INFO = INCLUDE_SOURCE;
				MTL_FAST_MATH = YES;
				ONLY_ACTIVE_ARCH = YES;
				SDKROOT = iphoneos;
				SWIFT_ACTIVE_COMPILATION_CONDITIONS = DEBUG;
				SWIFT_OPTIMIZATION_LEVEL = "-Onone";
			};
			name = Debug;
		};
		2AA6E97123671AF600D65883 /* Release */ = {
			isa = XCBuildConfiguration;
			buildSettings = {
				ALWAYS_SEARCH_USER_PATHS = NO;
				CLANG_ANALYZER_NONNULL = YES;
				CLANG_ANALYZER_NUMBER_OBJECT_CONVERSION = YES_AGGRESSIVE;
				CLANG_CXX_LANGUAGE_STANDARD = "gnu++14";
				CLANG_CXX_LIBRARY = "libc++";
				CLANG_ENABLE_MODULES = YES;
				CLANG_ENABLE_OBJC_ARC = YES;
				CLANG_ENABLE_OBJC_WEAK = YES;
				CLANG_WARN_BLOCK_CAPTURE_AUTORELEASING = YES;
				CLANG_WARN_BOOL_CONVERSION = YES;
				CLANG_WARN_COMMA = YES;
				CLANG_WARN_CONSTANT_CONVERSION = YES;
				CLANG_WARN_DEPRECATED_OBJC_IMPLEMENTATIONS = YES;
				CLANG_WARN_DIRECT_OBJC_ISA_USAGE = YES_ERROR;
				CLANG_WARN_DOCUMENTATION_COMMENTS = YES;
				CLANG_WARN_EMPTY_BODY = YES;
				CLANG_WARN_ENUM_CONVERSION = YES;
				CLANG_WARN_INFINITE_RECURSION = YES;
				CLANG_WARN_INT_CONVERSION = YES;
				CLANG_WARN_NON_LITERAL_NULL_CONVERSION = YES;
				CLANG_WARN_OBJC_IMPLICIT_RETAIN_SELF = YES;
				CLANG_WARN_OBJC_LITERAL_CONVERSION = YES;
				CLANG_WARN_OBJC_ROOT_CLASS = YES_ERROR;
				CLANG_WARN_RANGE_LOOP_ANALYSIS = YES;
				CLANG_WARN_STRICT_PROTOTYPES = YES;
				CLANG_WARN_SUSPICIOUS_MOVE = YES;
				CLANG_WARN_UNGUARDED_AVAILABILITY = YES_AGGRESSIVE;
				CLANG_WARN_UNREACHABLE_CODE = YES;
				CLANG_WARN__DUPLICATE_METHOD_MATCH = YES;
				COPY_PHASE_STRIP = NO;
				DEBUG_INFORMATION_FORMAT = "dwarf-with-dsym";
				ENABLE_NS_ASSERTIONS = NO;
				ENABLE_STRICT_OBJC_MSGSEND = YES;
				GCC_C_LANGUAGE_STANDARD = gnu11;
				GCC_NO_COMMON_BLOCKS = YES;
				GCC_WARN_64_TO_32_BIT_CONVERSION = YES;
				GCC_WARN_ABOUT_RETURN_TYPE = YES_ERROR;
				GCC_WARN_UNDECLARED_SELECTOR = YES;
				GCC_WARN_UNINITIALIZED_AUTOS = YES_AGGRESSIVE;
				GCC_WARN_UNUSED_FUNCTION = YES;
				GCC_WARN_UNUSED_VARIABLE = YES;
				IPHONEOS_DEPLOYMENT_TARGET = 10.3;
				MTL_ENABLE_DEBUG_INFO = NO;
				MTL_FAST_MATH = YES;
				SDKROOT = iphoneos;
				SWIFT_COMPILATION_MODE = wholemodule;
				SWIFT_OPTIMIZATION_LEVEL = "-O";
				VALIDATE_PRODUCT = YES;
			};
			name = Release;
		};
		2AA6E97323671AF600D65883 /* Debug */ = {
			isa = XCBuildConfiguration;
			buildSettings = {
				ASSETCATALOG_COMPILER_APPICON_NAME = AppIcon;
				CODE_SIGN_STYLE = Automatic;
				DEVELOPMENT_TEAM = WVK8EZCU5G;
				INFOPLIST_FILE = AdvertisingSlider/Info.plist;
				LD_RUNPATH_SEARCH_PATHS = (
					"$(inherited)",
					"@executable_path/Frameworks",
				);
				PRODUCT_BUNDLE_IDENTIFIER = SVS.AdvertisingSlider;
				PRODUCT_NAME = "$(TARGET_NAME)";
				SWIFT_VERSION = 5.0;
				TARGETED_DEVICE_FAMILY = "1,2";
			};
			name = Debug;
		};
		2AA6E97423671AF600D65883 /* Release */ = {
			isa = XCBuildConfiguration;
			buildSettings = {
				ASSETCATALOG_COMPILER_APPICON_NAME = AppIcon;
				CODE_SIGN_STYLE = Automatic;
				DEVELOPMENT_TEAM = WVK8EZCU5G;
				INFOPLIST_FILE = AdvertisingSlider/Info.plist;
				LD_RUNPATH_SEARCH_PATHS = (
					"$(inherited)",
					"@executable_path/Frameworks",
				);
				PRODUCT_BUNDLE_IDENTIFIER = SVS.AdvertisingSlider;
				PRODUCT_NAME = "$(TARGET_NAME)";
				SWIFT_VERSION = 5.0;
				TARGETED_DEVICE_FAMILY = "1,2";
			};
			name = Release;
		};
/* End XCBuildConfiguration section */

/* Begin XCConfigurationList section */
		2AA6E95923671AF300D65883 /* Build configuration list for PBXProject "AdvertisingSlider" */ = {
			isa = XCConfigurationList;
			buildConfigurations = (
				2AA6E97023671AF600D65883 /* Debug */,
				2AA6E97123671AF600D65883 /* Release */,
			);
			defaultConfigurationIsVisible = 0;
			defaultConfigurationName = Release;
		};
		2AA6E97223671AF600D65883 /* Build configuration list for PBXNativeTarget "AdvertisingSlider" */ = {
			isa = XCConfigurationList;
			buildConfigurations = (
				2AA6E97323671AF600D65883 /* Debug */,
				2AA6E97423671AF600D65883 /* Release */,
			);
			defaultConfigurationIsVisible = 0;
			defaultConfigurationName = Release;
		};
/* End XCConfigurationList section */
	};
	rootObject = 2AA6E95623671AF300D65883 /* Project object */;
}
